
Microsoft Visual Studio Solution File, Format Version 12.00
# Visual Studio 15
VisualStudioVersion = 15.0.26228.4
MinimumVisualStudioVersion = 10.0.40219.1
Project("{FAE04EC0-301F-11D3-BF4B-00C04F79EFBC}") = "MCMCert", "MCMCert\MCMCert.csproj", "{94DF83CC-AB80-4861-83CA-9B8389A942AC}"
EndProject
Project("{FAE04EC0-301F-11D3-BF4B-00C04F79EFBC}") = "CertDataReadOut", "CertDataReadOut\CertDataReadOut.csproj", "{B45C8F1C-4F64-4303-A394-60F1866B285E}"
EndProject
Project("{2150E333-8FDC-42A3-9474-1A3956D46DE8}") = "Result", "Result", "{8B7BF0F2-D0F4-4791-9886-F3086CC9DB82}"
	ProjectSection(SolutionItems) = preProject
		Result\prize.csv = Result\prize.csv
		Result\prize.sql = Result\prize.sql
	EndProjectSection
EndProject
Global
	GlobalSection(SolutionConfigurationPlatforms) = preSolution
		Debug|Any CPU = Debug|Any CPU
		Release|Any CPU = Release|Any CPU
	EndGlobalSection
	GlobalSection(ProjectConfigurationPlatforms) = postSolution
		{94DF83CC-AB80-4861-83CA-9B8389A942AC}.Debug|Any CPU.ActiveCfg = Debug|Any CPU
		{94DF83CC-AB80-4861-83CA-9B8389A942AC}.Debug|Any CPU.Build.0 = Debug|Any CPU
		{94DF83CC-AB80-4861-83CA-9B8389A942AC}.Release|Any CPU.ActiveCfg = Release|Any CPU
		{94DF83CC-AB80-4861-83CA-9B8389A942AC}.Release|Any CPU.Build.0 = Release|Any CPU
		{B45C8F1C-4F64-4303-A394-60F1866B285E}.Debug|Any CPU.ActiveCfg = Debug|Any CPU
		{B45C8F1C-4F64-4303-A394-60F1866B285E}.Debug|Any CPU.Build.0 = Debug|Any CPU
		{B45C8F1C-4F64-4303-A394-60F1866B285E}.Release|Any CPU.ActiveCfg = Release|Any CPU
		{B45C8F1C-4F64-4303-A394-60F1866B285E}.Release|Any CPU.Build.0 = Release|Any CPU
	EndGlobalSection
	GlobalSection(SolutionProperties) = preSolution
		HideSolutionNode = FALSE
	EndGlobalSection
EndGlobal
